
Microsoft Visual Studio Solution File, Format Version 12.00
Project("{8BC9CEB8-8B4A-11D0-8D11-00A0C91BC942}") = "Sandbox", "Sandbox\Sandbox.vcxproj", "{F1E4CA33-1C16-4F2E-87D0-59D80B5F2524}"
EndProject
Project("{8BC9CEB8-8B4A-11D0-8D11-00A0C91BC942}") = "RadicalDLL", "RadicalDLL\RadicalDLL.vcxproj", "{68F6E1CD-CBD1-49D0-80C4-841BA32CCE53}"
EndProject
Global
	GlobalSection(SolutionConfigurationPlatforms) = preSolution
		Debug|x64 = Debug|x64
		Release|x64 = Release|x64
	EndGlobalSection
	GlobalSection(ProjectConfigurationPlatforms) = postSolution
		{F1E4CA33-1C16-4F2E-87D0-59D80B5F2524}.Debug|x64.ActiveCfg = Debug|x64
		{F1E4CA33-1C16-4F2E-87D0-59D80B5F2524}.Debug|x64.Build.0 = Debug|x64
		{F1E4CA33-1C16-4F2E-87D0-59D80B5F2524}.Release|x64.ActiveCfg = Release|x64
		{F1E4CA33-1C16-4F2E-87D0-59D80B5F2524}.Release|x64.Build.0 = Release|x64
		{68F6E1CD-CBD1-49D0-80C4-841BA32CCE53}.Debug|x64.ActiveCfg = Debug|x64
		{68F6E1CD-CBD1-49D0-80C4-841BA32CCE53}.Debug|x64.Build.0 = Debug|x64
		{68F6E1CD-CBD1-49D0-80C4-841BA32CCE53}.Release|x64.ActiveCfg = Release|x64
		{68F6E1CD-CBD1-49D0-80C4-841BA32CCE53}.Release|x64.Build.0 = Release|x64
	EndGlobalSection
EndGlobal
